// !$*UTF8*$!
{
	archiveVersion = 1;
	classes = {
	};
	objectVersion = 56;
	objects = {

/* Begin PBXBuildFile section */
		CEECD90F2A52E03A00AB4D5C /* AppDelegate.swift in Sources */ = {isa = PBXBuildFile; fileRef = CEECD90E2A52E03A00AB4D5C /* AppDelegate.swift */; };
		CEECD9112A52E03A00AB4D5C /* SceneDelegate.swift in Sources */ = {isa = PBXBuildFile; fileRef = CEECD9102A52E03A00AB4D5C /* SceneDelegate.swift */; };
		CEECD9132A52E03A00AB4D5C /* ViewController.swift in Sources */ = {isa = PBXBuildFile; fileRef = CEECD9122A52E03A00AB4D5C /* ViewController.swift */; };
		CEECD9162A52E03A00AB4D5C /* Main.storyboard in Resources */ = {isa = PBXBuildFile; fileRef = CEECD9142A52E03A00AB4D5C /* Main.storyboard */; };
		CEECD9182A52E03C00AB4D5C /* Assets.xcassets in Resources */ = {isa = PBXBuildFile; fileRef = CEECD9172A52E03C00AB4D5C /* Assets.xcassets */; };
		CEECD91B2A52E03C00AB4D5C /* LaunchScreen.storyboard in Resources */ = {isa = PBXBuildFile; fileRef = CEECD9192A52E03C00AB4D5C /* LaunchScreen.storyboard */; };
		CEECD9262A52E03C00AB4D5C /* UdderTests.swift in Sources */ = {isa = PBXBuildFile; fileRef = CEECD9252A52E03C00AB4D5C /* UdderTests.swift */; };
		CEECD9302A52E03D00AB4D5C /* UdderUITests.swift in Sources */ = {isa = PBXBuildFile; fileRef = CEECD92F2A52E03D00AB4D5C /* UdderUITests.swift */; };
		CEECD9322A52E03D00AB4D5C /* UdderUITestsLaunchTests.swift in Sources */ = {isa = PBXBuildFile; fileRef = CEECD9312A52E03D00AB4D5C /* UdderUITestsLaunchTests.swift */; };
/* End PBXBuildFile section */

/* Begin PBXContainerItemProxy section */
		CEECD9222A52E03C00AB4D5C /* PBXContainerItemProxy */ = {
			isa = PBXContainerItemProxy;
			containerPortal = CEECD9032A52E03A00AB4D5C /* Project object */;
			proxyType = 1;
			remoteGlobalIDString = CEECD90A2A52E03A00AB4D5C;
			remoteInfo = Udder;
		};
		CEECD92C2A52E03D00AB4D5C /* PBXContainerItemProxy */ = {
			isa = PBXContainerItemProxy;
			containerPortal = CEECD9032A52E03A00AB4D5C /* Project object */;
			proxyType = 1;
			remoteGlobalIDString = CEECD90A2A52E03A00AB4D5C;
			remoteInfo = Udder;
		};
/* End PBXContainerItemProxy section */

/* Begin PBXFileReference section */
		CEECD90B2A52E03A00AB4D5C /* Udder.app */ = {isa = PBXFileReference; explicitFileType = wrapper.application; includeInIndex = 0; path = Udder.app; sourceTree = BUILT_PRODUCTS_DIR; };
		CEECD90E2A52E03A00AB4D5C /* AppDelegate.swift */ = {isa = PBXFileReference; lastKnownFileType = sourcecode.swift; path = AppDelegate.swift; sourceTree = "<group>"; };
		CEECD9102A52E03A00AB4D5C /* SceneDelegate.swift */ = {isa = PBXFileReference; lastKnownFileType = sourcecode.swift; path = SceneDelegate.swift; sourceTree = "<group>"; };
		CEECD9122A52E03A00AB4D5C /* ViewController.swift */ = {isa = PBXFileReference; lastKnownFileType = sourcecode.swift; path = ViewController.swift; sourceTree = "<group>"; };
		CEECD9152A52E03A00AB4D5C /* Base */ = {isa = PBXFileReference; lastKnownFileType = file.storyboard; name = Base; path = Base.lproj/Main.storyboard; sourceTree = "<group>"; };
		CEECD9172A52E03C00AB4D5C /* Assets.xcassets */ = {isa = PBXFileReference; lastKnownFileType = folder.assetcatalog; path = Assets.xcassets; sourceTree = "<group>"; };
		CEECD91A2A52E03C00AB4D5C /* Base */ = {isa = PBXFileReference; lastKnownFileType = file.storyboard; name = Base; path = Base.lproj/LaunchScreen.storyboard; sourceTree = "<group>"; };
		CEECD91C2A52E03C00AB4D5C /* Info.plist */ = {isa = PBXFileReference; lastKnownFileType = text.plist.xml; path = Info.plist; sourceTree = "<group>"; };
		CEECD9212A52E03C00AB4D5C /* UdderTests.xctest */ = {isa = PBXFileReference; explicitFileType = wrapper.cfbundle; includeInIndex = 0; path = UdderTests.xctest; sourceTree = BUILT_PRODUCTS_DIR; };
		CEECD9252A52E03C00AB4D5C /* UdderTests.swift */ = {isa = PBXFileReference; lastKnownFileType = sourcecode.swift; path = UdderTests.swift; sourceTree = "<group>"; };
		CEECD92B2A52E03D00AB4D5C /* UdderUITests.xctest */ = {isa = PBXFileReference; explicitFileType = wrapper.cfbundle; includeInIndex = 0; path = UdderUITests.xctest; sourceTree = BUILT_PRODUCTS_DIR; };
		CEECD92F2A52E03D00AB4D5C /* UdderUITests.swift */ = {isa = PBXFileReference; lastKnownFileType = sourcecode.swift; path = UdderUITests.swift; sourceTree = "<group>"; };
		CEECD9312A52E03D00AB4D5C /* UdderUITestsLaunchTests.swift */ = {isa = PBXFileReference; lastKnownFileType = sourcecode.swift; path = UdderUITestsLaunchTests.swift; sourceTree = "<group>"; };
/* End PBXFileReference section */

/* Begin PBXFrameworksBuildPhase section */
		CEECD9082A52E03A00AB4D5C /* Frameworks */ = {
			isa = PBXFrameworksBuildPhase;
			buildActionMask = 2147483647;
			files = (
			);
			runOnlyForDeploymentPostprocessing = 0;
		};
		CEECD91E2A52E03C00AB4D5C /* Frameworks */ = {
			isa = PBXFrameworksBuildPhase;
			buildActionMask = 2147483647;
			files = (
			);
			runOnlyForDeploymentPostprocessing = 0;
		};
		CEECD9282A52E03D00AB4D5C /* Frameworks */ = {
			isa = PBXFrameworksBuildPhase;
			buildActionMask = 2147483647;
			files = (
			);
			runOnlyForDeploymentPostprocessing = 0;
		};
/* End PBXFrameworksBuildPhase section */

/* Begin PBXGroup section */
		CEECD9022A52E03A00AB4D5C = {
			isa = PBXGroup;
			children = (
				CEECD90D2A52E03A00AB4D5C /* Udder */,
				CEECD9242A52E03C00AB4D5C /* UdderTests */,
				CEECD92E2A52E03D00AB4D5C /* UdderUITests */,
				CEECD90C2A52E03A00AB4D5C /* Products */,
			);
			sourceTree = "<group>";
		};
		CEECD90C2A52E03A00AB4D5C /* Products */ = {
			isa = PBXGroup;
			children = (
				CEECD90B2A52E03A00AB4D5C /* Udder.app */,
				CEECD9212A52E03C00AB4D5C /* UdderTests.xctest */,
				CEECD92B2A52E03D00AB4D5C /* UdderUITests.xctest */,
			);
			name = Products;
			sourceTree = "<group>";
		};
		CEECD90D2A52E03A00AB4D5C /* Udder */ = {
			isa = PBXGroup;
			children = (
				CEECD90E2A52E03A00AB4D5C /* AppDelegate.swift */,
				CEECD9102A52E03A00AB4D5C /* SceneDelegate.swift */,
				CEECD9122A52E03A00AB4D5C /* ViewController.swift */,
				CEECD9142A52E03A00AB4D5C /* Main.storyboard */,
				CEECD9172A52E03C00AB4D5C /* Assets.xcassets */,
				CEECD9192A52E03C00AB4D5C /* LaunchScreen.storyboard */,
				CEECD91C2A52E03C00AB4D5C /* Info.plist */,
			);
			path = Udder;
			sourceTree = "<group>";
		};
		CEECD9242A52E03C00AB4D5C /* UdderTests */ = {
			isa = PBXGroup;
			children = (
				CEECD9252A52E03C00AB4D5C /* UdderTests.swift */,
			);
			path = UdderTests;
			sourceTree = "<group>";
		};
		CEECD92E2A52E03D00AB4D5C /* UdderUITests */ = {
			isa = PBXGroup;
			children = (
				CEECD92F2A52E03D00AB4D5C /* UdderUITests.swift */,
				CEECD9312A52E03D00AB4D5C /* UdderUITestsLaunchTests.swift */,
			);
			path = UdderUITests;
			sourceTree = "<group>";
		};
/* End PBXGroup section */

/* Begin PBXNativeTarget section */
		CEECD90A2A52E03A00AB4D5C /* Udder */ = {
			isa = PBXNativeTarget;
			buildConfigurationList = CEECD9352A52E03D00AB4D5C /* Build configuration list for PBXNativeTarget "Udder" */;
			buildPhases = (
				CEECD9072A52E03A00AB4D5C /* Sources */,
				CEECD9082A52E03A00AB4D5C /* Frameworks */,
				CEECD9092A52E03A00AB4D5C /* Resources */,
			);
			buildRules = (
			);
			dependencies = (
			);
			name = Udder;
			productName = Udder;
			productReference = CEECD90B2A52E03A00AB4D5C /* Udder.app */;
			productType = "com.apple.product-type.application";
		};
		CEECD9202A52E03C00AB4D5C /* UdderTests */ = {
			isa = PBXNativeTarget;
			buildConfigurationList = CEECD9382A52E03D00AB4D5C /* Build configuration list for PBXNativeTarget "UdderTests" */;
			buildPhases = (
				CEECD91D2A52E03C00AB4D5C /* Sources */,
				CEECD91E2A52E03C00AB4D5C /* Frameworks */,
				CEECD91F2A52E03C00AB4D5C /* Resources */,
			);
			buildRules = (
			);
			dependencies = (
				CEECD9232A52E03C00AB4D5C /* PBXTargetDependency */,
			);
			name = UdderTests;
			productName = UdderTests;
			productReference = CEECD9212A52E03C00AB4D5C /* UdderTests.xctest */;
			productType = "com.apple.product-type.bundle.unit-test";
		};
		CEECD92A2A52E03D00AB4D5C /* UdderUITests */ = {
			isa = PBXNativeTarget;
			buildConfigurationList = CEECD93B2A52E03D00AB4D5C /* Build configuration list for PBXNativeTarget "UdderUITests" */;
			buildPhases = (
				CEECD9272A52E03D00AB4D5C /* Sources */,
				CEECD9282A52E03D00AB4D5C /* Frameworks */,
				CEECD9292A52E03D00AB4D5C /* Resources */,
			);
			buildRules = (
			);
			dependencies = (
				CEECD92D2A52E03D00AB4D5C /* PBXTargetDependency */,
			);
			name = UdderUITests;
			productName = UdderUITests;
			productReference = CEECD92B2A52E03D00AB4D5C /* UdderUITests.xctest */;
			productType = "com.apple.product-type.bundle.ui-testing";
		};
/* End PBXNativeTarget section */

/* Begin PBXProject section */
		CEECD9032A52E03A00AB4D5C /* Project object */ = {
			isa = PBXProject;
			attributes = {
				BuildIndependentTargetsInParallel = 1;
				LastSwiftUpdateCheck = 1400;
				LastUpgradeCheck = 1400;
				TargetAttributes = {
					CEECD90A2A52E03A00AB4D5C = {
						CreatedOnToolsVersion = 14.0.1;
					};
					CEECD9202A52E03C00AB4D5C = {
						CreatedOnToolsVersion = 14.0.1;
						TestTargetID = CEECD90A2A52E03A00AB4D5C;
					};
					CEECD92A2A52E03D00AB4D5C = {
						CreatedOnToolsVersion = 14.0.1;
						TestTargetID = CEECD90A2A52E03A00AB4D5C;
					};
				};
			};
			buildConfigurationList = CEECD9062A52E03A00AB4D5C /* Build configuration list for PBXProject "Udder" */;
			compatibilityVersion = "Xcode 14.0";
			developmentRegion = en;
			hasScannedForEncodings = 0;
			knownRegions = (
				en,
				Base,
			);
			mainGroup = CEECD9022A52E03A00AB4D5C;
			productRefGroup = CEECD90C2A52E03A00AB4D5C /* Products */;
			projectDirPath = "";
			projectRoot = "";
			targets = (
				CEECD90A2A52E03A00AB4D5C /* Udder */,
				CEECD9202A52E03C00AB4D5C /* UdderTests */,
				CEECD92A2A52E03D00AB4D5C /* UdderUITests */,
			);
		};
/* End PBXProject section */

/* Begin PBXResourcesBuildPhase section */
		CEECD9092A52E03A00AB4D5C /* Resources */ = {
			isa = PBXResourcesBuildPhase;
			buildActionMask = 2147483647;
			files = (
				CEECD91B2A52E03C00AB4D5C /* LaunchScreen.storyboard in Resources */,
				CEECD9182A52E03C00AB4D5C /* Assets.xcassets in Resources */,
				CEECD9162A52E03A00AB4D5C /* Main.storyboard in Resources */,
			);
			runOnlyForDeploymentPostprocessing = 0;
		};
		CEECD91F2A52E03C00AB4D5C /* Resources */ = {
			isa = PBXResourcesBuildPhase;
			buildActionMask = 2147483647;
			files = (
			);
			runOnlyForDeploymentPostprocessing = 0;
		};
		CEECD9292A52E03D00AB4D5C /* Resources */ = {
			isa = PBXResourcesBuildPhase;
			buildActionMask = 2147483647;
			files = (
			);
			runOnlyForDeploymentPostprocessing = 0;
		};
/* End PBXResourcesBuildPhase section */

/* Begin PBXSourcesBuildPhase section */
		CEECD9072A52E03A00AB4D5C /* Sources */ = {
			isa = PBXSourcesBuildPhase;
			buildActionMask = 2147483647;
			files = (
				CEECD9132A52E03A00AB4D5C /* ViewController.swift in Sources */,
				CEECD90F2A52E03A00AB4D5C /* AppDelegate.swift in Sources */,
				CEECD9112A52E03A00AB4D5C /* SceneDelegate.swift in Sources */,
			);
			runOnlyForDeploymentPostprocessing = 0;
		};
		CEECD91D2A52E03C00AB4D5C /* Sources */ = {
			isa = PBXSourcesBuildPhase;
			buildActionMask = 2147483647;
			files = (
				CEECD9262A52E03C00AB4D5C /* UdderTests.swift in Sources */,
			);
			runOnlyForDeploymentPostprocessing = 0;
		};
		CEECD9272A52E03D00AB4D5C /* Sources */ = {
			isa = PBXSourcesBuildPhase;
			buildActionMask = 2147483647;
			files = (
				CEECD9302A52E03D00AB4D5C /* UdderUITests.swift in Sources */,
				CEECD9322A52E03D00AB4D5C /* UdderUITestsLaunchTests.swift in Sources */,
			);
			runOnlyForDeploymentPostprocessing = 0;
		};
/* End PBXSourcesBuildPhase section */

/* Begin PBXTargetDependency section */
		CEECD9232A52E03C00AB4D5C /* PBXTargetDependency */ = {
			isa = PBXTargetDependency;
			target = CEECD90A2A52E03A00AB4D5C /* Udder */;
			targetProxy = CEECD9222A52E03C00AB4D5C /* PBXContainerItemProxy */;
		};
		CEECD92D2A52E03D00AB4D5C /* PBXTargetDependency */ = {
			isa = PBXTargetDependency;
			target = CEECD90A2A52E03A00AB4D5C /* Udder */;
			targetProxy = CEECD92C2A52E03D00AB4D5C /* PBXContainerItemProxy */;
		};
/* End PBXTargetDependency section */

/* Begin PBXVariantGroup section */
		CEECD9142A52E03A00AB4D5C /* Main.storyboard */ = {
			isa = PBXVariantGroup;
			children = (
				CEECD9152A52E03A00AB4D5C /* Base */,
			);
			name = Main.storyboard;
			sourceTree = "<group>";
		};
		CEECD9192A52E03C00AB4D5C /* LaunchScreen.storyboard */ = {
			isa = PBXVariantGroup;
			children = (
				CEECD91A2A52E03C00AB4D5C /* Base */,
			);
			name = LaunchScreen.storyboard;
			sourceTree = "<group>";
		};
/* End PBXVariantGroup section */

/* Begin XCBuildConfiguration section */
		CEECD9332A52E03D00AB4D5C /* Debug */ = {
			isa = XCBuildConfiguration;
			buildSettings = {
				ALWAYS_SEARCH_USER_PATHS = NO;
				CLANG_ANALYZER_NONNULL = YES;
				CLANG_ANALYZER_NUMBER_OBJECT_CONVERSION = YES_AGGRESSIVE;
				CLANG_CXX_LANGUAGE_STANDARD = "gnu++20";
				CLANG_ENABLE_MODULES = YES;
				CLANG_ENABLE_OBJC_ARC = YES;
				CLANG_ENABLE_OBJC_WEAK = YES;
				CLANG_WARN_BLOCK_CAPTURE_AUTORELEASING = YES;
				CLANG_WARN_BOOL_CONVERSION = YES;
				CLANG_WARN_COMMA = YES;
				CLANG_WARN_CONSTANT_CONVERSION = YES;
				CLANG_WARN_DEPRECATED_OBJC_IMPLEMENTATIONS = YES;
				CLANG_WARN_DIRECT_OBJC_ISA_USAGE = YES_ERROR;
				CLANG_WARN_DOCUMENTATION_COMMENTS = YES;
				CLANG_WARN_EMPTY_BODY = YES;
				CLANG_WARN_ENUM_CONVERSION = YES;
				CLANG_WARN_INFINITE_RECURSION = YES;
				CLANG_WARN_INT_CONVERSION = YES;
				CLANG_WARN_NON_LITERAL_NULL_CONVERSION = YES;
				CLANG_WARN_OBJC_IMPLICIT_RETAIN_SELF = YES;
				CLANG_WARN_OBJC_LITERAL_CONVERSION = YES;
				CLANG_WARN_OBJC_ROOT_CLASS = YES_ERROR;
				CLANG_WARN_QUOTED_INCLUDE_IN_FRAMEWORK_HEADER = YES;
				CLANG_WARN_RANGE_LOOP_ANALYSIS = YES;
				CLANG_WARN_STRICT_PROTOTYPES = YES;
				CLANG_WARN_SUSPICIOUS_MOVE = YES;
				CLANG_WARN_UNGUARDED_AVAILABILITY = YES_AGGRESSIVE;
				CLANG_WARN_UNREACHABLE_CODE = YES;
				CLANG_WARN__DUPLICATE_METHOD_MATCH = YES;
				COPY_PHASE_STRIP = NO;
				DEBUG_INFORMATION_FORMAT = dwarf;
				ENABLE_STRICT_OBJC_MSGSEND = YES;
				ENABLE_TESTABILITY = YES;
				GCC_C_LANGUAGE_STANDARD = gnu11;
				GCC_DYNAMIC_NO_PIC = NO;
				GCC_NO_COMMON_BLOCKS = YES;
				GCC_OPTIMIZATION_LEVEL = 0;
				GCC_PREPROCESSOR_DEFINITIONS = (
					"DEBUG=1",
					"$(inherited)",
				);
				GCC_WARN_64_TO_32_BIT_CONVERSION = YES;
				GCC_WARN_ABOUT_RETURN_TYPE = YES_ERROR;
				GCC_WARN_UNDECLARED_SELECTOR = YES;
				GCC_WARN_UNINITIALIZED_AUTOS = YES_AGGRESSIVE;
				GCC_WARN_UNUSED_FUNCTION = YES;
				GCC_WARN_UNUSED_VARIABLE = YES;
				IPHONEOS_DEPLOYMENT_TARGET = 16.0;
				MTL_ENABLE_DEBUG_INFO = INCLUDE_SOURCE;
				MTL_FAST_MATH = YES;
				ONLY_ACTIVE_ARCH = YES;
				SDKROOT = iphoneos;
				SWIFT_ACTIVE_COMPILATION_CONDITIONS = DEBUG;
				SWIFT_OPTIMIZATION_LEVEL = "-Onone";
			};
			name = Debug;
		};
		CEECD9342A52E03D00AB4D5C /* Release */ = {
			isa = XCBuildConfiguration;
			buildSettings = {
				ALWAYS_SEARCH_USER_PATHS = NO;
				CLANG_ANALYZER_NONNULL = YES;
				CLANG_ANALYZER_NUMBER_OBJECT_CONVERSION = YES_AGGRESSIVE;
				CLANG_CXX_LANGUAGE_STANDARD = "gnu++20";
				CLANG_ENABLE_MODULES = YES;
				CLANG_ENABLE_OBJC_ARC = YES;
				CLANG_ENABLE_OBJC_WEAK = YES;
				CLANG_WARN_BLOCK_CAPTURE_AUTORELEASING = YES;
				CLANG_WARN_BOOL_CONVERSION = YES;
				CLANG_WARN_COMMA = YES;
				CLANG_WARN_CONSTANT_CONVERSION = YES;
				CLANG_WARN_DEPRECATED_OBJC_IMPLEMENTATIONS = YES;
				CLANG_WARN_DIRECT_OBJC_ISA_USAGE = YES_ERROR;
				CLANG_WARN_DOCUMENTATION_COMMENTS = YES;
				CLANG_WARN_EMPTY_BODY = YES;
				CLANG_WARN_ENUM_CONVERSION = YES;
				CLANG_WARN_INFINITE_RECURSION = YES;
				CLANG_WARN_INT_CONVERSION = YES;
				CLANG_WARN_NON_LITERAL_NULL_CONVERSION = YES;
				CLANG_WARN_OBJC_IMPLICIT_RETAIN_SELF = YES;
				CLANG_WARN_OBJC_LITERAL_CONVERSION = YES;
				CLANG_WARN_OBJC_ROOT_CLASS = YES_ERROR;
				CLANG_WARN_QUOTED_INCLUDE_IN_FRAMEWORK_HEADER = YES;
				CLANG_WARN_RANGE_LOOP_ANALYSIS = YES;
				CLANG_WARN_STRICT_PROTOTYPES = YES;
				CLANG_WARN_SUSPICIOUS_MOVE = YES;
				CLANG_WARN_UNGUARDED_AVAILABILITY = YES_AGGRESSIVE;
				CLANG_WARN_UNREACHABLE_CODE = YES;
				CLANG_WARN__DUPLICATE_METHOD_MATCH = YES;
				COPY_PHASE_STRIP = NO;
				DEBUG_INFORMATION_FORMAT = "dwarf-with-dsym";
				ENABLE_NS_ASSERTIONS = NO;
				ENABLE_STRICT_OBJC_MSGSEND = YES;
				GCC_C_LANGUAGE_STANDARD = gnu11;
				GCC_NO_COMMON_BLOCKS = YES;
				GCC_WARN_64_TO_32_BIT_CONVERSION = YES;
				GCC_WARN_ABOUT_RETURN_TYPE = YES_ERROR;
				GCC_WARN_UNDECLARED_SELECTOR = YES;
				GCC_WARN_UNINITIALIZED_AUTOS = YES_AGGRESSIVE;
				GCC_WARN_UNUSED_FUNCTION = YES;
				GCC_WARN_UNUSED_VARIABLE = YES;
				IPHONEOS_DEPLOYMENT_TARGET = 16.0;
				MTL_ENABLE_DEBUG_INFO = NO;
				MTL_FAST_MATH = YES;
				SDKROOT = iphoneos;
				SWIFT_COMPILATION_MODE = wholemodule;
				SWIFT_OPTIMIZATION_LEVEL = "-O";
				VALIDATE_PRODUCT = YES;
			};
			name = Release;
		};
		CEECD9362A52E03D00AB4D5C /* Debug */ = {
			isa = XCBuildConfiguration;
			buildSettings = {
				ASSETCATALOG_COMPILER_APPICON_NAME = AppIcon;
				ASSETCATALOG_COMPILER_GLOBAL_ACCENT_COLOR_NAME = AccentColor;
				CODE_SIGN_STYLE = Automatic;
				CURRENT_PROJECT_VERSION = 1;
				GENERATE_INFOPLIST_FILE = YES;
				INFOPLIST_FILE = Udder/Info.plist;
				INFOPLIST_KEY_UIApplicationSupportsIndirectInputEvents = YES;
				INFOPLIST_KEY_UILaunchStoryboardName = LaunchScreen;
				INFOPLIST_KEY_UIMainStoryboardFile = Main;
				INFOPLIST_KEY_UISupportedInterfaceOrientations_iPad = "UIInterfaceOrientationPortrait UIInterfaceOrientationPortraitUpsideDown UIInterfaceOrientationLandscapeLeft UIInterfaceOrientationLandscapeRight";
				INFOPLIST_KEY_UISupportedInterfaceOrientations_iPhone = "UIInterfaceOrientationPortrait UIInterfaceOrientationLandscapeLeft UIInterfaceOrientationLandscapeRight";
				LD_RUNPATH_SEARCH_PATHS = (
					"$(inherited)",
					"@executable_path/Frameworks",
				);
				MARKETING_VERSION = 1.0;
				PRODUCT_BUNDLE_IDENTIFIER = com.monty.Udder;
				PRODUCT_NAME = "$(TARGET_NAME)";
				SWIFT_EMIT_LOC_STRINGS = YES;
				SWIFT_VERSION = 5.0;
				TARGETED_DEVICE_FAMILY = "1,2";
			};
			name = Debug;
		};
		CEECD9372A52E03D00AB4D5C /* Release */ = {
			isa = XCBuildConfiguration;
			buildSettings = {
				ASSETCATALOG_COMPILER_APPICON_NAME = AppIcon;
				ASSETCATALOG_COMPILER_GLOBAL_ACCENT_COLOR_NAME = AccentColor;
				CODE_SIGN_STYLE = Automatic;
				CURRENT_PROJECT_VERSION = 1;
				GENERATE_INFOPLIST_FILE = YES;
				INFOPLIST_FILE = Udder/Info.plist;
				INFOPLIST_KEY_UIApplicationSupportsIndirectInputEvents = YES;
				INFOPLIST_KEY_UILaunchStoryboardName = LaunchScreen;
				INFOPLIST_KEY_UIMainStoryboardFile = Main;
				INFOPLIST_KEY_UISupportedInterfaceOrientations_iPad = "UIInterfaceOrientationPortrait UIInterfaceOrientationPortraitUpsideDown UIInterfaceOrientationLandscapeLeft UIInterfaceOrientationLandscapeRight";
				INFOPLIST_KEY_UISupportedInterfaceOrientations_iPhone = "UIInterfaceOrientationPortrait UIInterfaceOrientationLandscapeLeft UIInterfaceOrientationLandscapeRight";
				LD_RUNPATH_SEARCH_PATHS = (
					"$(inherited)",
					"@executable_path/Frameworks",
				);
				MARKETING_VERSION = 1.0;
				PRODUCT_BUNDLE_IDENTIFIER = com.monty.Udder;
				PRODUCT_NAME = "$(TARGET_NAME)";
				SWIFT_EMIT_LOC_STRINGS = YES;
				SWIFT_VERSION = 5.0;
				TARGETED_DEVICE_FAMILY = "1,2";
			};
			name = Release;
		};
		CEECD9392A52E03D00AB4D5C /* Debug */ = {
			isa = XCBuildConfiguration;
			buildSettings = {
				ALWAYS_EMBED_SWIFT_STANDARD_LIBRARIES = YES;
				BUNDLE_LOADER = "$(TEST_HOST)";
				CODE_SIGN_STYLE = Automatic;
				CURRENT_PROJECT_VERSION = 1;
				GENERATE_INFOPLIST_FILE = YES;
				IPHONEOS_DEPLOYMENT_TARGET = 16.0;
				MARKETING_VERSION = 1.0;
				PRODUCT_BUNDLE_IDENTIFIER = com.monty.UdderTests;
				PRODUCT_NAME = "$(TARGET_NAME)";
				SWIFT_EMIT_LOC_STRINGS = NO;
				SWIFT_VERSION = 5.0;
				TARGETED_DEVICE_FAMILY = "1,2";
				TEST_HOST = "$(BUILT_PRODUCTS_DIR)/Udder.app/$(BUNDLE_EXECUTABLE_FOLDER_PATH)/Udder";
			};
			name = Debug;
		};
		CEECD93A2A52E03D00AB4D5C /* Release */ = {
			isa = XCBuildConfiguration;
			buildSettings = {
				ALWAYS_EMBED_SWIFT_STANDARD_LIBRARIES = YES;
				BUNDLE_LOADER = "$(TEST_HOST)";
				CODE_SIGN_STYLE = Automatic;
				CURRENT_PROJECT_VERSION = 1;
				GENERATE_INFOPLIST_FILE = YES;
				IPHONEOS_DEPLOYMENT_TARGET = 16.0;
				MARKETING_VERSION = 1.0;
				PRODUCT_BUNDLE_IDENTIFIER = com.monty.UdderTests;
				PRODUCT_NAME = "$(TARGET_NAME)";
				SWIFT_EMIT_LOC_STRINGS = NO;
				SWIFT_VERSION = 5.0;
				TARGETED_DEVICE_FAMILY = "1,2";
				TEST_HOST = "$(BUILT_PRODUCTS_DIR)/Udder.app/$(BUNDLE_EXECUTABLE_FOLDER_PATH)/Udder";
			};
			name = Release;
		};
		CEECD93C2A52E03D00AB4D5C /* Debug */ = {
			isa = XCBuildConfiguration;
			buildSettings = {
				ALWAYS_EMBED_SWIFT_STANDARD_LIBRARIES = YES;
				CODE_SIGN_STYLE = Automatic;
				CURRENT_PROJECT_VERSION = 1;
				GENERATE_INFOPLIST_FILE = YES;
				MARKETING_VERSION = 1.0;
				PRODUCT_BUNDLE_IDENTIFIER = com.monty.UdderUITests;
				PRODUCT_NAME = "$(TARGET_NAME)";
				SWIFT_EMIT_LOC_STRINGS = NO;
				SWIFT_VERSION = 5.0;
				TARGETED_DEVICE_FAMILY = "1,2";
				TEST_TARGET_NAME = Udder;
			};
			name = Debug;
		};
		CEECD93D2A52E03D00AB4D5C /* Release */ = {
			isa = XCBuildConfiguration;
			buildSettings = {
				ALWAYS_EMBED_SWIFT_STANDARD_LIBRARIES = YES;
				CODE_SIGN_STYLE = Automatic;
				CURRENT_PROJECT_VERSION = 1;
				GENERATE_INFOPLIST_FILE = YES;
				MARKETING_VERSION = 1.0;
				PRODUCT_BUNDLE_IDENTIFIER = com.monty.UdderUITests;
				PRODUCT_NAME = "$(TARGET_NAME)";
				SWIFT_EMIT_LOC_STRINGS = NO;
				SWIFT_VERSION = 5.0;
				TARGETED_DEVICE_FAMILY = "1,2";
				TEST_TARGET_NAME = Udder;
			};
			name = Release;
		};
/* End XCBuildConfiguration section */

/* Begin XCConfigurationList section */
		CEECD9062A52E03A00AB4D5C /* Build configuration list for PBXProject "Udder" */ = {
			isa = XCConfigurationList;
			buildConfigurations = (
				CEECD9332A52E03D00AB4D5C /* Debug */,
				CEECD9342A52E03D00AB4D5C /* Release */,
			);
			defaultConfigurationIsVisible = 0;
			defaultConfigurationName = Release;
		};
		CEECD9352A52E03D00AB4D5C /* Build configuration list for PBXNativeTarget "Udder" */ = {
			isa = XCConfigurationList;
			buildConfigurations = (
				CEECD9362A52E03D00AB4D5C /* Debug */,
				CEECD9372A52E03D00AB4D5C /* Release */,
			);
			defaultConfigurationIsVisible = 0;
			defaultConfigurationName = Release;
		};
		CEECD9382A52E03D00AB4D5C /* Build configuration list for PBXNativeTarget "UdderTests" */ = {
			isa = XCConfigurationList;
			buildConfigurations = (
				CEECD9392A52E03D00AB4D5C /* Debug */,
				CEECD93A2A52E03D00AB4D5C /* Release */,
			);
			defaultConfigurationIsVisible = 0;
			defaultConfigurationName = Release;
		};
		CEECD93B2A52E03D00AB4D5C /* Build configuration list for PBXNativeTarget "UdderUITests" */ = {
			isa = XCConfigurationList;
			buildConfigurations = (
				CEECD93C2A52E03D00AB4D5C /* Debug */,
				CEECD93D2A52E03D00AB4D5C /* Release */,
			);
			defaultConfigurationIsVisible = 0;
			defaultConfigurationName = Release;
		};
/* End XCConfigurationList section */
	};
	rootObject = CEECD9032A52E03A00AB4D5C /* Project object */;
}
